
Microsoft Visual Studio Solution File, Format Version 9.00
# Visual Studio 2005
Project("{FAE04EC0-301F-11D3-BF4B-00C04F79EFBC}") = "WebUI", "WebUI.csproj", "{434CA055-B4AF-491E-A92A-CC049E2ABFB1}"
	ProjectSection(WebsiteProperties) = preProject
		Debug.AspNetCompiler.Debug = "True"
		Release.AspNetCompiler.Debug = "False"
	EndProjectSection
EndProject
Global
	GlobalSection(SourceCodeControl) = preSolution
		SccNumberOfProjects = 2
		SccProjectUniqueName0 = WebUI.csproj
		SccLocalPath0 = .
		CanCheckoutShared = true
		SccLocalPath1 = .
		CanCheckoutShared = true
	EndGlobalSection
	GlobalSection(SolutionConfigurationPlatforms) = preSolution
		Debug|Any CPU = Debug|Any CPU
		Release|Any CPU = Release|Any CPU
	EndGlobalSection
	GlobalSection(ProjectConfigurationPlatforms) = postSolution
		{434CA055-B4AF-491E-A92A-CC049E2ABFB1}.Debug|Any CPU.ActiveCfg = Debug|Any CPU
		{434CA055-B4AF-491E-A92A-CC049E2ABFB1}.Debug|Any CPU.Build.0 = Debug|Any CPU
		{434CA055-B4AF-491E-A92A-CC049E2ABFB1}.Release|Any CPU.ActiveCfg = Release|Any CPU
		{434CA055-B4AF-491E-A92A-CC049E2ABFB1}.Release|Any CPU.Build.0 = Release|Any CPU
	EndGlobalSection
	GlobalSection(SolutionProperties) = preSolution
		HideSolutionNode = FALSE
	EndGlobalSection
EndGlobal
